
Microsoft Visual Studio Solution File, Format Version 9.00
# Visual Studio 2005
Project("{8BC9CEB8-8B4A-11D0-8D11-00A0C91BC942}") = "VMoveCAD_MFC_GUI", "VMoveCAD_MFC_GUI.vcproj", "{A30FD56D-0DF8-4E1F-AC72-9C55E7DCE416}"
EndProject
Global
	GlobalSection(SolutionConfigurationPlatforms) = preSolution
		Debug|Win32 = Debug|Win32
		Release|Win32 = Release|Win32
	EndGlobalSection
	GlobalSection(ProjectConfigurationPlatforms) = postSolution
		{A30FD56D-0DF8-4E1F-AC72-9C55E7DCE416}.Debug|Win32.ActiveCfg = Debug|Win32
		{A30FD56D-0DF8-4E1F-AC72-9C55E7DCE416}.Debug|Win32.Build.0 = Debug|Win32
		{A30FD56D-0DF8-4E1F-AC72-9C55E7DCE416}.Release|Win32.ActiveCfg = Release|Win32
		{A30FD56D-0DF8-4E1F-AC72-9C55E7DCE416}.Release|Win32.Build.0 = Release|Win32
	EndGlobalSection
	GlobalSection(SolutionProperties) = preSolution
		HideSolutionNode = FALSE
	EndGlobalSection
EndGlobal
